
Microsoft Visual Studio Solution File, Format Version 12.00
# Visual Studio 15
VisualStudioVersion = 15.0.27428.2043
MinimumVisualStudioVersion = 10.0.40219.1
Project("{F184B08F-C81C-45F6-A57F-5ABD9991F28F}") = "CampbellBonuses", "CampbellBonuses\CampbellBonuses.vbproj", "{A769D3FB-B33D-4963-A288-8E82B55EBF57}"
EndProject
Global
	GlobalSection(SolutionConfigurationPlatforms) = preSolution
		Debug|Any CPU = Debug|Any CPU
		Debug|x64 = Debug|x64
		Debug|x86 = Debug|x86
		Release|Any CPU = Release|Any CPU
		Release|x64 = Release|x64
		Release|x86 = Release|x86
	EndGlobalSection
	GlobalSection(ProjectConfigurationPlatforms) = postSolution
		{A769D3FB-B33D-4963-A288-8E82B55EBF57}.Debug|Any CPU.ActiveCfg = Debug|x86
		{A769D3FB-B33D-4963-A288-8E82B55EBF57}.Debug|Any CPU.Build.0 = Debug|x86
		{A769D3FB-B33D-4963-A288-8E82B55EBF57}.Debug|x64.ActiveCfg = Debug|Any CPU
		{A769D3FB-B33D-4963-A288-8E82B55EBF57}.Debug|x64.Build.0 = Debug|Any CPU
		{A769D3FB-B33D-4963-A288-8E82B55EBF57}.Debug|x86.ActiveCfg = Debug|Any CPU
		{A769D3FB-B33D-4963-A288-8E82B55EBF57}.Debug|x86.Build.0 = Debug|Any CPU
		{A769D3FB-B33D-4963-A288-8E82B55EBF57}.Release|Any CPU.ActiveCfg = Release|Any CPU
		{A769D3FB-B33D-4963-A288-8E82B55EBF57}.Release|Any CPU.Build.0 = Release|Any CPU
		{A769D3FB-B33D-4963-A288-8E82B55EBF57}.Release|x64.ActiveCfg = Release|x64
		{A769D3FB-B33D-4963-A288-8E82B55EBF57}.Release|x64.Build.0 = Release|x64
		{A769D3FB-B33D-4963-A288-8E82B55EBF57}.Release|x86.ActiveCfg = Release|x86
		{A769D3FB-B33D-4963-A288-8E82B55EBF57}.Release|x86.Build.0 = Release|x86
	EndGlobalSection
	GlobalSection(SolutionProperties) = preSolution
		HideSolutionNode = FALSE
	EndGlobalSection
	GlobalSection(ExtensibilityGlobals) = postSolution
		SolutionGuid = {064AC4F7-0473-4709-932B-BCB7C5DC9099}
	EndGlobalSection
EndGlobal
